// !$*UTF8*$!
{
	archiveVersion = 1;
	classes = {
	};
	objectVersion = 46;
	objects = {

/* Begin PBXBuildFile section */
		05A6FC4B1C2B19C700A05785 /* AppDelegate.swift in Sources */ = {isa = PBXBuildFile; fileRef = 05A6FC4A1C2B19C700A05785 /* AppDelegate.swift */; };
		05A6FC4D1C2B19C700A05785 /* ViewController.swift in Sources */ = {isa = PBXBuildFile; fileRef = 05A6FC4C1C2B19C700A05785 /* ViewController.swift */; };
		05A6FC501C2B19C700A05785 /* Main.storyboard in Resources */ = {isa = PBXBuildFile; fileRef = 05A6FC4E1C2B19C700A05785 /* Main.storyboard */; };
		05A6FC521C2B19C700A05785 /* Assets.xcassets in Resources */ = {isa = PBXBuildFile; fileRef = 05A6FC511C2B19C700A05785 /* Assets.xcassets */; };
		05A6FC551C2B19C700A05785 /* LaunchScreen.storyboard in Resources */ = {isa = PBXBuildFile; fileRef = 05A6FC531C2B19C700A05785 /* LaunchScreen.storyboard */; };
/* End PBXBuildFile section */

/* Begin PBXFileReference section */
		05A6FC471C2B19C700A05785 /* Times Tables.app */ = {isa = PBXFileReference; explicitFileType = wrapper.application; includeInIndex = 0; path = "Times Tables.app"; sourceTree = BUILT_PRODUCTS_DIR; };
		05A6FC4A1C2B19C700A05785 /* AppDelegate.swift */ = {isa = PBXFileReference; lastKnownFileType = sourcecode.swift; path = AppDelegate.swift; sourceTree = "<group>"; };
		05A6FC4C1C2B19C700A05785 /* ViewController.swift */ = {isa = PBXFileReference; lastKnownFileType = sourcecode.swift; path = ViewController.swift; sourceTree = "<group>"; };
		05A6FC4F1C2B19C700A05785 /* Base */ = {isa = PBXFileReference; lastKnownFileType = file.storyboard; name = Base; path = Base.lproj/Main.storyboard; sourceTree = "<group>"; };
		05A6FC511C2B19C700A05785 /* Assets.xcassets */ = {isa = PBXFileReference; lastKnownFileType = folder.assetcatalog; path = Assets.xcassets; sourceTree = "<group>"; };
		05A6FC541C2B19C700A05785 /* Base */ = {isa = PBXFileReference; lastKnownFileType = file.storyboard; name = Base; path = Base.lproj/LaunchScreen.storyboard; sourceTree = "<group>"; };
		05A6FC561C2B19C700A05785 /* Info.plist */ = {isa = PBXFileReference; lastKnownFileType = text.plist.xml; path = Info.plist; sourceTree = "<group>"; };
/* End PBXFileReference section */

/* Begin PBXFrameworksBuildPhase section */
		05A6FC441C2B19C700A05785 /* Frameworks */ = {
			isa = PBXFrameworksBuildPhase;
			buildActionMask = 2147483647;
			files = (
			);
			runOnlyForDeploymentPostprocessing = 0;
		};
/* End PBXFrameworksBuildPhase section */

/* Begin PBXGroup section */
		05A6FC3E1C2B19C700A05785 = {
			isa = PBXGroup;
			children = (
				05A6FC491C2B19C700A05785 /* Times Tables */,
				05A6FC481C2B19C700A05785 /* Products */,
			);
			sourceTree = "<group>";
		};
		05A6FC481C2B19C700A05785 /* Products */ = {
			isa = PBXGroup;
			children = (
				05A6FC471C2B19C700A05785 /* Times Tables.app */,
			);
			name = Products;
			sourceTree = "<group>";
		};
		05A6FC491C2B19C700A05785 /* Times Tables */ = {
			isa = PBXGroup;
			children = (
				05A6FC4A1C2B19C700A05785 /* AppDelegate.swift */,
				05A6FC4C1C2B19C700A05785 /* ViewController.swift */,
				05A6FC4E1C2B19C700A05785 /* Main.storyboard */,
				05A6FC511C2B19C700A05785 /* Assets.xcassets */,
				05A6FC531C2B19C700A05785 /* LaunchScreen.storyboard */,
				05A6FC561C2B19C700A05785 /* Info.plist */,
			);
			path = "Times Tables";
			sourceTree = "<group>";
		};
/* End PBXGroup section */

/* Begin PBXNativeTarget section */
		05A6FC461C2B19C700A05785 /* Times Tables */ = {
			isa = PBXNativeTarget;
			buildConfigurationList = 05A6FC591C2B19C700A05785 /* Build configuration list for PBXNativeTarget "Times Tables" */;
			buildPhases = (
				05A6FC431C2B19C700A05785 /* Sources */,
				05A6FC441C2B19C700A05785 /* Frameworks */,
				05A6FC451C2B19C700A05785 /* Resources */,
			);
			buildRules = (
			);
			dependencies = (
			);
			name = "Times Tables";
			productName = "Times Tables";
			productReference = 05A6FC471C2B19C700A05785 /* Times Tables.app */;
			productType = "com.apple.product-type.application";
		};
/* End PBXNativeTarget section */

/* Begin PBXProject section */
		05A6FC3F1C2B19C700A05785 /* Project object */ = {
			isa = PBXProject;
			attributes = {
				LastSwiftUpdateCheck = 0720;
				LastUpgradeCheck = 0720;
				ORGANIZATIONNAME = "Lucas N. Munhoz";
				TargetAttributes = {
					05A6FC461C2B19C700A05785 = {
						CreatedOnToolsVersion = 7.2;
					};
				};
			};
			buildConfigurationList = 05A6FC421C2B19C700A05785 /* Build configuration list for PBXProject "Times Tables" */;
			compatibilityVersion = "Xcode 3.2";
			developmentRegion = English;
			hasScannedForEncodings = 0;
			knownRegions = (
				en,
				Base,
			);
			mainGroup = 05A6FC3E1C2B19C700A05785;
			productRefGroup = 05A6FC481C2B19C700A05785 /* Products */;
			projectDirPath = "";
			projectRoot = "";
			targets = (
				05A6FC461C2B19C700A05785 /* Times Tables */,
			);
		};
/* End PBXProject section */

/* Begin PBXResourcesBuildPhase section */
		05A6FC451C2B19C700A05785 /* Resources */ = {
			isa = PBXResourcesBuildPhase;
			buildActionMask = 2147483647;
			files = (
				05A6FC551C2B19C700A05785 /* LaunchScreen.storyboard in Resources */,
				05A6FC521C2B19C700A05785 /* Assets.xcassets in Resources */,
				05A6FC501C2B19C700A05785 /* Main.storyboard in Resources */,
			);
			runOnlyForDeploymentPostprocessing = 0;
		};
/* End PBXResourcesBuildPhase section */

/* Begin PBXSourcesBuildPhase section */
		05A6FC431C2B19C700A05785 /* Sources */ = {
			isa = PBXSourcesBuildPhase;
			buildActionMask = 2147483647;
			files = (
				05A6FC4D1C2B19C700A05785 /* ViewController.swift in Sources */,
				05A6FC4B1C2B19C700A05785 /* AppDelegate.swift in Sources */,
			);
			runOnlyForDeploymentPostprocessing = 0;
		};
/* End PBXSourcesBuildPhase section */

/* Begin PBXVariantGroup section */
		05A6FC4E1C2B19C700A05785 /* Main.storyboard */ = {
			isa = PBXVariantGroup;
			children = (
				05A6FC4F1C2B19C700A05785 /* Base */,
			);
			name = Main.storyboard;
			sourceTree = "<group>";
		};
		05A6FC531C2B19C700A05785 /* LaunchScreen.storyboard */ = {
			isa = PBXVariantGroup;
			children = (
				05A6FC541C2B19C700A05785 /* Base */,
			);
			name = LaunchScreen.storyboard;
			sourceTree = "<group>";
		};
/* End PBXVariantGroup section */

/* Begin XCBuildConfiguration section */
		05A6FC571C2B19C700A05785 /* Debug */ = {
			isa = XCBuildConfiguration;
			buildSettings = {
				ALWAYS_SEARCH_USER_PATHS = NO;
				CLANG_CXX_LANGUAGE_STANDARD = "gnu++0x";
				CLANG_CXX_LIBRARY = "libc++";
				CLANG_ENABLE_MODULES = YES;
				CLANG_ENABLE_OBJC_ARC = YES;
				CLANG_WARN_BOOL_CONVERSION = YES;
				CLANG_WARN_CONSTANT_CONVERSION = YES;
				CLANG_WARN_DIRECT_OBJC_ISA_USAGE = YES_ERROR;
				CLANG_WARN_EMPTY_BODY = YES;
				CLANG_WARN_ENUM_CONVERSION = YES;
				CLANG_WARN_INT_CONVERSION = YES;
				CLANG_WARN_OBJC_ROOT_CLASS = YES_ERROR;
				CLANG_WARN_UNREACHABLE_CODE = YES;
				CLANG_WARN__DUPLICATE_METHOD_MATCH = YES;
				"CODE_SIGN_IDENTITY[sdk=iphoneos*]" = "iPhone Developer";
				COPY_PHASE_STRIP = NO;
				DEBUG_INFORMATION_FORMAT = dwarf;
				ENABLE_STRICT_OBJC_MSGSEND = YES;
				ENABLE_TESTABILITY = YES;
				GCC_C_LANGUAGE_STANDARD = gnu99;
				GCC_DYNAMIC_NO_PIC = NO;
				GCC_NO_COMMON_BLOCKS = YES;
				GCC_OPTIMIZATION_LEVEL = 0;
				GCC_PREPROCESSOR_DEFINITIONS = (
					"DEBUG=1",
					"$(inherited)",
				);
				GCC_WARN_64_TO_32_BIT_CONVERSION = YES;
				GCC_WARN_ABOUT_RETURN_TYPE = YES_ERROR;
				GCC_WARN_UNDECLARED_SELECTOR = YES;
				GCC_WARN_UNINITIALIZED_AUTOS = YES_AGGRESSIVE;
				GCC_WARN_UNUSED_FUNCTION = YES;
				GCC_WARN_UNUSED_VARIABLE = YES;
				IPHONEOS_DEPLOYMENT_TARGET = 9.2;
				MTL_ENABLE_DEBUG_INFO = YES;
				ONLY_ACTIVE_ARCH = YES;
				SDKROOT = iphoneos;
				SWIFT_OPTIMIZATION_LEVEL = "-Onone";
			};
			name = Debug;
		};
		05A6FC581C2B19C700A05785 /* Release */ = {
			isa = XCBuildConfiguration;
			buildSettings = {
				ALWAYS_SEARCH_USER_PATHS = NO;
				CLANG_CXX_LANGUAGE_STANDARD = "gnu++0x";
				CLANG_CXX_LIBRARY = "libc++";
				CLANG_ENABLE_MODULES = YES;
				CLANG_ENABLE_OBJC_ARC = YES;
				CLANG_WARN_BOOL_CONVERSION = YES;
				CLANG_WARN_CONSTANT_CONVERSION = YES;
				CLANG_WARN_DIRECT_OBJC_ISA_USAGE = YES_ERROR;
				CLANG_WARN_EMPTY_BODY = YES;
				CLANG_WARN_ENUM_CONVERSION = YES;
				CLANG_WARN_INT_CONVERSION = YES;
				CLANG_WARN_OBJC_ROOT_CLASS = YES_ERROR;
				CLANG_WARN_UNREACHABLE_CODE = YES;
				CLANG_WARN__DUPLICATE_METHOD_MATCH = YES;
				"CODE_SIGN_IDENTITY[sdk=iphoneos*]" = "iPhone Developer";
				COPY_PHASE_STRIP = NO;
				DEBUG_INFORMATION_FORMAT = "dwarf-with-dsym";
				ENABLE_NS_ASSERTIONS = NO;
				ENABLE_STRICT_OBJC_MSGSEND = YES;
				GCC_C_LANGUAGE_STANDARD = gnu99;
				GCC_NO_COMMON_BLOCKS = YES;
				GCC_WARN_64_TO_32_BIT_CONVERSION = YES;
				GCC_WARN_ABOUT_RETURN_TYPE = YES_ERROR;
				GCC_WARN_UNDECLARED_SELECTOR = YES;
				GCC_WARN_UNINITIALIZED_AUTOS = YES_AGGRESSIVE;
				GCC_WARN_UNUSED_FUNCTION = YES;
				GCC_WARN_UNUSED_VARIABLE = YES;
				IPHONEOS_DEPLOYMENT_TARGET = 9.2;
				MTL_ENABLE_DEBUG_INFO = NO;
				SDKROOT = iphoneos;
				VALIDATE_PRODUCT = YES;
			};
			name = Release;
		};
		05A6FC5A1C2B19C700A05785 /* Debug */ = {
			isa = XCBuildConfiguration;
			buildSettings = {
				ASSETCATALOG_COMPILER_APPICON_NAME = AppIcon;
				INFOPLIST_FILE = "Times Tables/Info.plist";
				LD_RUNPATH_SEARCH_PATHS = "$(inherited) @executable_path/Frameworks";
				PRODUCT_BUNDLE_IDENTIFIER = "com.lnmunhoz.Times-Tables";
				PRODUCT_NAME = "$(TARGET_NAME)";
			};
			name = Debug;
		};
		05A6FC5B1C2B19C700A05785 /* Release */ = {
			isa = XCBuildConfiguration;
			buildSettings = {
				ASSETCATALOG_COMPILER_APPICON_NAME = AppIcon;
				INFOPLIST_FILE = "Times Tables/Info.plist";
				LD_RUNPATH_SEARCH_PATHS = "$(inherited) @executable_path/Frameworks";
				PRODUCT_BUNDLE_IDENTIFIER = "com.lnmunhoz.Times-Tables";
				PRODUCT_NAME = "$(TARGET_NAME)";
			};
			name = Release;
		};
/* End XCBuildConfiguration section */

/* Begin XCConfigurationList section */
		05A6FC421C2B19C700A05785 /* Build configuration list for PBXProject "Times Tables" */ = {
			isa = XCConfigurationList;
			buildConfigurations = (
				05A6FC571C2B19C700A05785 /* Debug */,
				05A6FC581C2B19C700A05785 /* Release */,
			);
			defaultConfigurationIsVisible = 0;
			defaultConfigurationName = Release;
		};
		05A6FC591C2B19C700A05785 /* Build configuration list for PBXNativeTarget "Times Tables" */ = {
			isa = XCConfigurationList;
			buildConfigurations = (
				05A6FC5A1C2B19C700A05785 /* Debug */,
				05A6FC5B1C2B19C700A05785 /* Release */,
			);
			defaultConfigurationIsVisible = 0;
		};
/* End XCConfigurationList section */
	};
	rootObject = 05A6FC3F1C2B19C700A05785 /* Project object */;
}
