// !$*UTF8*$!
{
	archiveVersion = 1;
	classes = {
	};
	objectVersion = 46;
	objects = {

/* Begin PBXBuildFile section */
		0572476F1C23A94800A69E79 /* AppDelegate.swift in Sources */ = {isa = PBXBuildFile; fileRef = 0572476E1C23A94800A69E79 /* AppDelegate.swift */; };
		057247711C23A94800A69E79 /* ViewController.swift in Sources */ = {isa = PBXBuildFile; fileRef = 057247701C23A94800A69E79 /* ViewController.swift */; };
		057247741C23A94800A69E79 /* Main.storyboard in Resources */ = {isa = PBXBuildFile; fileRef = 057247721C23A94800A69E79 /* Main.storyboard */; };
		057247761C23A94800A69E79 /* Assets.xcassets in Resources */ = {isa = PBXBuildFile; fileRef = 057247751C23A94800A69E79 /* Assets.xcassets */; };
		057247791C23A94800A69E79 /* LaunchScreen.storyboard in Resources */ = {isa = PBXBuildFile; fileRef = 057247771C23A94800A69E79 /* LaunchScreen.storyboard */; };
/* End PBXBuildFile section */

/* Begin PBXContainerItemProxy section */
		057247801C23A94800A69E79 /* PBXContainerItemProxy */ = {
			isa = PBXContainerItemProxy;
			containerPortal = 057247631C23A94800A69E79 /* Project object */;
			proxyType = 1;
			remoteGlobalIDString = 0572476A1C23A94800A69E79;
			remoteInfo = "How Many Fingers";
		};
		0572478B1C23A94800A69E79 /* PBXContainerItemProxy */ = {
			isa = PBXContainerItemProxy;
			containerPortal = 057247631C23A94800A69E79 /* Project object */;
			proxyType = 1;
			remoteGlobalIDString = 0572476A1C23A94800A69E79;
			remoteInfo = "How Many Fingers";
		};
/* End PBXContainerItemProxy section */

/* Begin PBXFileReference section */
		0572476B1C23A94800A69E79 /* How Many Fingers.app */ = {isa = PBXFileReference; explicitFileType = wrapper.application; includeInIndex = 0; path = "How Many Fingers.app"; sourceTree = BUILT_PRODUCTS_DIR; };
		0572476E1C23A94800A69E79 /* AppDelegate.swift */ = {isa = PBXFileReference; lastKnownFileType = sourcecode.swift; path = AppDelegate.swift; sourceTree = "<group>"; };
		057247701C23A94800A69E79 /* ViewController.swift */ = {isa = PBXFileReference; lastKnownFileType = sourcecode.swift; path = ViewController.swift; sourceTree = "<group>"; };
		057247731C23A94800A69E79 /* Base */ = {isa = PBXFileReference; lastKnownFileType = file.storyboard; name = Base; path = Base.lproj/Main.storyboard; sourceTree = "<group>"; };
		057247751C23A94800A69E79 /* Assets.xcassets */ = {isa = PBXFileReference; lastKnownFileType = folder.assetcatalog; path = Assets.xcassets; sourceTree = "<group>"; };
		057247781C23A94800A69E79 /* Base */ = {isa = PBXFileReference; lastKnownFileType = file.storyboard; name = Base; path = Base.lproj/LaunchScreen.storyboard; sourceTree = "<group>"; };
		0572477A1C23A94800A69E79 /* Info.plist */ = {isa = PBXFileReference; lastKnownFileType = text.plist.xml; path = Info.plist; sourceTree = "<group>"; };
		0572477F1C23A94800A69E79 /* How Many FingersTests.xctest */ = {isa = PBXFileReference; explicitFileType = wrapper.cfbundle; includeInIndex = 0; path = "How Many FingersTests.xctest"; sourceTree = BUILT_PRODUCTS_DIR; };
		0572478A1C23A94800A69E79 /* How Many FingersUITests.xctest */ = {isa = PBXFileReference; explicitFileType = wrapper.cfbundle; includeInIndex = 0; path = "How Many FingersUITests.xctest"; sourceTree = BUILT_PRODUCTS_DIR; };
/* End PBXFileReference section */

/* Begin PBXFrameworksBuildPhase section */
		057247681C23A94800A69E79 /* Frameworks */ = {
			isa = PBXFrameworksBuildPhase;
			buildActionMask = 2147483647;
			files = (
			);
			runOnlyForDeploymentPostprocessing = 0;
		};
		0572477C1C23A94800A69E79 /* Frameworks */ = {
			isa = PBXFrameworksBuildPhase;
			buildActionMask = 2147483647;
			files = (
			);
			runOnlyForDeploymentPostprocessing = 0;
		};
		057247871C23A94800A69E79 /* Frameworks */ = {
			isa = PBXFrameworksBuildPhase;
			buildActionMask = 2147483647;
			files = (
			);
			runOnlyForDeploymentPostprocessing = 0;
		};
/* End PBXFrameworksBuildPhase section */

/* Begin PBXGroup section */
		057247621C23A94800A69E79 = {
			isa = PBXGroup;
			children = (
				0572476D1C23A94800A69E79 /* How Many Fingers */,
				0572476C1C23A94800A69E79 /* Products */,
			);
			sourceTree = "<group>";
		};
		0572476C1C23A94800A69E79 /* Products */ = {
			isa = PBXGroup;
			children = (
				0572476B1C23A94800A69E79 /* How Many Fingers.app */,
				0572477F1C23A94800A69E79 /* How Many FingersTests.xctest */,
				0572478A1C23A94800A69E79 /* How Many FingersUITests.xctest */,
			);
			name = Products;
			sourceTree = "<group>";
		};
		0572476D1C23A94800A69E79 /* How Many Fingers */ = {
			isa = PBXGroup;
			children = (
				0572476E1C23A94800A69E79 /* AppDelegate.swift */,
				057247701C23A94800A69E79 /* ViewController.swift */,
				057247721C23A94800A69E79 /* Main.storyboard */,
				057247751C23A94800A69E79 /* Assets.xcassets */,
				057247771C23A94800A69E79 /* LaunchScreen.storyboard */,
				0572477A1C23A94800A69E79 /* Info.plist */,
			);
			path = "How Many Fingers";
			sourceTree = "<group>";
		};
/* End PBXGroup section */

/* Begin PBXNativeTarget section */
		0572476A1C23A94800A69E79 /* How Many Fingers */ = {
			isa = PBXNativeTarget;
			buildConfigurationList = 057247931C23A94800A69E79 /* Build configuration list for PBXNativeTarget "How Many Fingers" */;
			buildPhases = (
				057247671C23A94800A69E79 /* Sources */,
				057247681C23A94800A69E79 /* Frameworks */,
				057247691C23A94800A69E79 /* Resources */,
			);
			buildRules = (
			);
			dependencies = (
			);
			name = "How Many Fingers";
			productName = "How Many Fingers";
			productReference = 0572476B1C23A94800A69E79 /* How Many Fingers.app */;
			productType = "com.apple.product-type.application";
		};
		0572477E1C23A94800A69E79 /* How Many FingersTests */ = {
			isa = PBXNativeTarget;
			buildConfigurationList = 057247961C23A94800A69E79 /* Build configuration list for PBXNativeTarget "How Many FingersTests" */;
			buildPhases = (
				0572477B1C23A94800A69E79 /* Sources */,
				0572477C1C23A94800A69E79 /* Frameworks */,
				0572477D1C23A94800A69E79 /* Resources */,
			);
			buildRules = (
			);
			dependencies = (
				057247811C23A94800A69E79 /* PBXTargetDependency */,
			);
			name = "How Many FingersTests";
			productName = "How Many FingersTests";
			productReference = 0572477F1C23A94800A69E79 /* How Many FingersTests.xctest */;
			productType = "com.apple.product-type.bundle.unit-test";
		};
		057247891C23A94800A69E79 /* How Many FingersUITests */ = {
			isa = PBXNativeTarget;
			buildConfigurationList = 057247991C23A94800A69E79 /* Build configuration list for PBXNativeTarget "How Many FingersUITests" */;
			buildPhases = (
				057247861C23A94800A69E79 /* Sources */,
				057247871C23A94800A69E79 /* Frameworks */,
				057247881C23A94800A69E79 /* Resources */,
			);
			buildRules = (
			);
			dependencies = (
				0572478C1C23A94800A69E79 /* PBXTargetDependency */,
			);
			name = "How Many FingersUITests";
			productName = "How Many FingersUITests";
			productReference = 0572478A1C23A94800A69E79 /* How Many FingersUITests.xctest */;
			productType = "com.apple.product-type.bundle.ui-testing";
		};
/* End PBXNativeTarget section */

/* Begin PBXProject section */
		057247631C23A94800A69E79 /* Project object */ = {
			isa = PBXProject;
			attributes = {
				LastSwiftUpdateCheck = 0720;
				LastUpgradeCheck = 0720;
				ORGANIZATIONNAME = "Lucas N. Munhoz";
				TargetAttributes = {
					0572476A1C23A94800A69E79 = {
						CreatedOnToolsVersion = 7.2;
					};
					0572477E1C23A94800A69E79 = {
						CreatedOnToolsVersion = 7.2;
						TestTargetID = 0572476A1C23A94800A69E79;
					};
					057247891C23A94800A69E79 = {
						CreatedOnToolsVersion = 7.2;
						TestTargetID = 0572476A1C23A94800A69E79;
					};
				};
			};
			buildConfigurationList = 057247661C23A94800A69E79 /* Build configuration list for PBXProject "How Many Fingers" */;
			compatibilityVersion = "Xcode 3.2";
			developmentRegion = English;
			hasScannedForEncodings = 0;
			knownRegions = (
				en,
				Base,
			);
			mainGroup = 057247621C23A94800A69E79;
			productRefGroup = 0572476C1C23A94800A69E79 /* Products */;
			projectDirPath = "";
			projectRoot = "";
			targets = (
				0572476A1C23A94800A69E79 /* How Many Fingers */,
				0572477E1C23A94800A69E79 /* How Many FingersTests */,
				057247891C23A94800A69E79 /* How Many FingersUITests */,
			);
		};
/* End PBXProject section */

/* Begin PBXResourcesBuildPhase section */
		057247691C23A94800A69E79 /* Resources */ = {
			isa = PBXResourcesBuildPhase;
			buildActionMask = 2147483647;
			files = (
				057247791C23A94800A69E79 /* LaunchScreen.storyboard in Resources */,
				057247761C23A94800A69E79 /* Assets.xcassets in Resources */,
				057247741C23A94800A69E79 /* Main.storyboard in Resources */,
			);
			runOnlyForDeploymentPostprocessing = 0;
		};
		0572477D1C23A94800A69E79 /* Resources */ = {
			isa = PBXResourcesBuildPhase;
			buildActionMask = 2147483647;
			files = (
			);
			runOnlyForDeploymentPostprocessing = 0;
		};
		057247881C23A94800A69E79 /* Resources */ = {
			isa = PBXResourcesBuildPhase;
			buildActionMask = 2147483647;
			files = (
			);
			runOnlyForDeploymentPostprocessing = 0;
		};
/* End PBXResourcesBuildPhase section */

/* Begin PBXSourcesBuildPhase section */
		057247671C23A94800A69E79 /* Sources */ = {
			isa = PBXSourcesBuildPhase;
			buildActionMask = 2147483647;
			files = (
				057247711C23A94800A69E79 /* ViewController.swift in Sources */,
				0572476F1C23A94800A69E79 /* AppDelegate.swift in Sources */,
			);
			runOnlyForDeploymentPostprocessing = 0;
		};
		0572477B1C23A94800A69E79 /* Sources */ = {
			isa = PBXSourcesBuildPhase;
			buildActionMask = 2147483647;
			files = (
			);
			runOnlyForDeploymentPostprocessing = 0;
		};
		057247861C23A94800A69E79 /* Sources */ = {
			isa = PBXSourcesBuildPhase;
			buildActionMask = 2147483647;
			files = (
			);
			runOnlyForDeploymentPostprocessing = 0;
		};
/* End PBXSourcesBuildPhase section */

/* Begin PBXTargetDependency section */
		057247811C23A94800A69E79 /* PBXTargetDependency */ = {
			isa = PBXTargetDependency;
			target = 0572476A1C23A94800A69E79 /* How Many Fingers */;
			targetProxy = 057247801C23A94800A69E79 /* PBXContainerItemProxy */;
		};
		0572478C1C23A94800A69E79 /* PBXTargetDependency */ = {
			isa = PBXTargetDependency;
			target = 0572476A1C23A94800A69E79 /* How Many Fingers */;
			targetProxy = 0572478B1C23A94800A69E79 /* PBXContainerItemProxy */;
		};
/* End PBXTargetDependency section */

/* Begin PBXVariantGroup section */
		057247721C23A94800A69E79 /* Main.storyboard */ = {
			isa = PBXVariantGroup;
			children = (
				057247731C23A94800A69E79 /* Base */,
			);
			name = Main.storyboard;
			sourceTree = "<group>";
		};
		057247771C23A94800A69E79 /* LaunchScreen.storyboard */ = {
			isa = PBXVariantGroup;
			children = (
				057247781C23A94800A69E79 /* Base */,
			);
			name = LaunchScreen.storyboard;
			sourceTree = "<group>";
		};
/* End PBXVariantGroup section */

/* Begin XCBuildConfiguration section */
		057247911C23A94800A69E79 /* Debug */ = {
			isa = XCBuildConfiguration;
			buildSettings = {
				ALWAYS_SEARCH_USER_PATHS = NO;
				CLANG_CXX_LANGUAGE_STANDARD = "gnu++0x";
				CLANG_CXX_LIBRARY = "libc++";
				CLANG_ENABLE_MODULES = YES;
				CLANG_ENABLE_OBJC_ARC = YES;
				CLANG_WARN_BOOL_CONVERSION = YES;
				CLANG_WARN_CONSTANT_CONVERSION = YES;
				CLANG_WARN_DIRECT_OBJC_ISA_USAGE = YES_ERROR;
				CLANG_WARN_EMPTY_BODY = YES;
				CLANG_WARN_ENUM_CONVERSION = YES;
				CLANG_WARN_INT_CONVERSION = YES;
				CLANG_WARN_OBJC_ROOT_CLASS = YES_ERROR;
				CLANG_WARN_UNREACHABLE_CODE = YES;
				CLANG_WARN__DUPLICATE_METHOD_MATCH = YES;
				"CODE_SIGN_IDENTITY[sdk=iphoneos*]" = "iPhone Developer";
				COPY_PHASE_STRIP = NO;
				DEBUG_INFORMATION_FORMAT = dwarf;
				ENABLE_STRICT_OBJC_MSGSEND = YES;
				ENABLE_TESTABILITY = YES;
				GCC_C_LANGUAGE_STANDARD = gnu99;
				GCC_DYNAMIC_NO_PIC = NO;
				GCC_NO_COMMON_BLOCKS = YES;
				GCC_OPTIMIZATION_LEVEL = 0;
				GCC_PREPROCESSOR_DEFINITIONS = (
					"DEBUG=1",
					"$(inherited)",
				);
				GCC_WARN_64_TO_32_BIT_CONVERSION = YES;
				GCC_WARN_ABOUT_RETURN_TYPE = YES_ERROR;
				GCC_WARN_UNDECLARED_SELECTOR = YES;
				GCC_WARN_UNINITIALIZED_AUTOS = YES_AGGRESSIVE;
				GCC_WARN_UNUSED_FUNCTION = YES;
				GCC_WARN_UNUSED_VARIABLE = YES;
				IPHONEOS_DEPLOYMENT_TARGET = 9.2;
				MTL_ENABLE_DEBUG_INFO = YES;
				ONLY_ACTIVE_ARCH = YES;
				SDKROOT = iphoneos;
				SWIFT_OPTIMIZATION_LEVEL = "-Onone";
			};
			name = Debug;
		};
		057247921C23A94800A69E79 /* Release */ = {
			isa = XCBuildConfiguration;
			buildSettings = {
				ALWAYS_SEARCH_USER_PATHS = NO;
				CLANG_CXX_LANGUAGE_STANDARD = "gnu++0x";
				CLANG_CXX_LIBRARY = "libc++";
				CLANG_ENABLE_MODULES = YES;
				CLANG_ENABLE_OBJC_ARC = YES;
				CLANG_WARN_BOOL_CONVERSION = YES;
				CLANG_WARN_CONSTANT_CONVERSION = YES;
				CLANG_WARN_DIRECT_OBJC_ISA_USAGE = YES_ERROR;
				CLANG_WARN_EMPTY_BODY = YES;
				CLANG_WARN_ENUM_CONVERSION = YES;
				CLANG_WARN_INT_CONVERSION = YES;
				CLANG_WARN_OBJC_ROOT_CLASS = YES_ERROR;
				CLANG_WARN_UNREACHABLE_CODE = YES;
				CLANG_WARN__DUPLICATE_METHOD_MATCH = YES;
				"CODE_SIGN_IDENTITY[sdk=iphoneos*]" = "iPhone Developer";
				COPY_PHASE_STRIP = NO;
				DEBUG_INFORMATION_FORMAT = "dwarf-with-dsym";
				ENABLE_NS_ASSERTIONS = NO;
				ENABLE_STRICT_OBJC_MSGSEND = YES;
				GCC_C_LANGUAGE_STANDARD = gnu99;
				GCC_NO_COMMON_BLOCKS = YES;
				GCC_WARN_64_TO_32_BIT_CONVERSION = YES;
				GCC_WARN_ABOUT_RETURN_TYPE = YES_ERROR;
				GCC_WARN_UNDECLARED_SELECTOR = YES;
				GCC_WARN_UNINITIALIZED_AUTOS = YES_AGGRESSIVE;
				GCC_WARN_UNUSED_FUNCTION = YES;
				GCC_WARN_UNUSED_VARIABLE = YES;
				IPHONEOS_DEPLOYMENT_TARGET = 9.2;
				MTL_ENABLE_DEBUG_INFO = NO;
				SDKROOT = iphoneos;
				VALIDATE_PRODUCT = YES;
			};
			name = Release;
		};
		057247941C23A94800A69E79 /* Debug */ = {
			isa = XCBuildConfiguration;
			buildSettings = {
				ASSETCATALOG_COMPILER_APPICON_NAME = AppIcon;
				INFOPLIST_FILE = "How Many Fingers/Info.plist";
				LD_RUNPATH_SEARCH_PATHS = "$(inherited) @executable_path/Frameworks";
				PRODUCT_BUNDLE_IDENTIFIER = "com.lnmunhoz.How-Many-Fingers";
				PRODUCT_NAME = "$(TARGET_NAME)";
			};
			name = Debug;
		};
		057247951C23A94800A69E79 /* Release */ = {
			isa = XCBuildConfiguration;
			buildSettings = {
				ASSETCATALOG_COMPILER_APPICON_NAME = AppIcon;
				INFOPLIST_FILE = "How Many Fingers/Info.plist";
				LD_RUNPATH_SEARCH_PATHS = "$(inherited) @executable_path/Frameworks";
				PRODUCT_BUNDLE_IDENTIFIER = "com.lnmunhoz.How-Many-Fingers";
				PRODUCT_NAME = "$(TARGET_NAME)";
			};
			name = Release;
		};
		057247971C23A94800A69E79 /* Debug */ = {
			isa = XCBuildConfiguration;
			buildSettings = {
				BUNDLE_LOADER = "$(TEST_HOST)";
				INFOPLIST_FILE = "How Many FingersTests/Info.plist";
				LD_RUNPATH_SEARCH_PATHS = "$(inherited) @executable_path/Frameworks @loader_path/Frameworks";
				PRODUCT_BUNDLE_IDENTIFIER = "com.lnmunhoz.How-Many-FingersTests";
				PRODUCT_NAME = "$(TARGET_NAME)";
				TEST_HOST = "$(BUILT_PRODUCTS_DIR)/How Many Fingers.app/How Many Fingers";
			};
			name = Debug;
		};
		057247981C23A94800A69E79 /* Release */ = {
			isa = XCBuildConfiguration;
			buildSettings = {
				BUNDLE_LOADER = "$(TEST_HOST)";
				INFOPLIST_FILE = "How Many FingersTests/Info.plist";
				LD_RUNPATH_SEARCH_PATHS = "$(inherited) @executable_path/Frameworks @loader_path/Frameworks";
				PRODUCT_BUNDLE_IDENTIFIER = "com.lnmunhoz.How-Many-FingersTests";
				PRODUCT_NAME = "$(TARGET_NAME)";
				TEST_HOST = "$(BUILT_PRODUCTS_DIR)/How Many Fingers.app/How Many Fingers";
			};
			name = Release;
		};
		0572479A1C23A94800A69E79 /* Debug */ = {
			isa = XCBuildConfiguration;
			buildSettings = {
				INFOPLIST_FILE = "How Many FingersUITests/Info.plist";
				LD_RUNPATH_SEARCH_PATHS = "$(inherited) @executable_path/Frameworks @loader_path/Frameworks";
				PRODUCT_BUNDLE_IDENTIFIER = "com.lnmunhoz.How-Many-FingersUITests";
				PRODUCT_NAME = "$(TARGET_NAME)";
				TEST_TARGET_NAME = "How Many Fingers";
				USES_XCTRUNNER = YES;
			};
			name = Debug;
		};
		0572479B1C23A94800A69E79 /* Release */ = {
			isa = XCBuildConfiguration;
			buildSettings = {
				INFOPLIST_FILE = "How Many FingersUITests/Info.plist";
				LD_RUNPATH_SEARCH_PATHS = "$(inherited) @executable_path/Frameworks @loader_path/Frameworks";
				PRODUCT_BUNDLE_IDENTIFIER = "com.lnmunhoz.How-Many-FingersUITests";
				PRODUCT_NAME = "$(TARGET_NAME)";
				TEST_TARGET_NAME = "How Many Fingers";
				USES_XCTRUNNER = YES;
			};
			name = Release;
		};
/* End XCBuildConfiguration section */

/* Begin XCConfigurationList section */
		057247661C23A94800A69E79 /* Build configuration list for PBXProject "How Many Fingers" */ = {
			isa = XCConfigurationList;
			buildConfigurations = (
				057247911C23A94800A69E79 /* Debug */,
				057247921C23A94800A69E79 /* Release */,
			);
			defaultConfigurationIsVisible = 0;
			defaultConfigurationName = Release;
		};
		057247931C23A94800A69E79 /* Build configuration list for PBXNativeTarget "How Many Fingers" */ = {
			isa = XCConfigurationList;
			buildConfigurations = (
				057247941C23A94800A69E79 /* Debug */,
				057247951C23A94800A69E79 /* Release */,
			);
			defaultConfigurationIsVisible = 0;
		};
		057247961C23A94800A69E79 /* Build configuration list for PBXNativeTarget "How Many FingersTests" */ = {
			isa = XCConfigurationList;
			buildConfigurations = (
				057247971C23A94800A69E79 /* Debug */,
				057247981C23A94800A69E79 /* Release */,
			);
			defaultConfigurationIsVisible = 0;
		};
		057247991C23A94800A69E79 /* Build configuration list for PBXNativeTarget "How Many FingersUITests" */ = {
			isa = XCConfigurationList;
			buildConfigurations = (
				0572479A1C23A94800A69E79 /* Debug */,
				0572479B1C23A94800A69E79 /* Release */,
			);
			defaultConfigurationIsVisible = 0;
		};
/* End XCConfigurationList section */
	};
	rootObject = 057247631C23A94800A69E79 /* Project object */;
}
